
Microsoft Visual Studio Solution File, Format Version 12.00
# Visual Studio 2013
VisualStudioVersion = 12.0.30501.0
MinimumVisualStudioVersion = 10.0.40219.1
Project("{FAE04EC0-301F-11D3-BF4B-00C04F79EFBC}") = "loria-console", "loria-console\loria-console.csproj", "{168E9AB0-F02B-4D08-B46E-80B570A8D0B9}"
EndProject
Project("{FAE04EC0-301F-11D3-BF4B-00C04F79EFBC}") = "loria-core", "loria-core\loria-core.csproj", "{3006D784-777B-4960-B956-525D4DDEE594}"
EndProject
Project("{FAE04EC0-301F-11D3-BF4B-00C04F79EFBC}") = "loria-datetime", "loria-modules\loria-datetime\loria-datetime.csproj", "{DD117D0F-44EB-4ED3-A2C9-7E90738FB9EA}"
EndProject
Project("{2150E333-8FDC-42A3-9474-1A3956D46DE8}") = "loria-modules", "loria-modules", "{35F4FCDA-5EAC-453A-B293-7925BB68ABDB}"
EndProject
Project("{FAE04EC0-301F-11D3-BF4B-00C04F79EFBC}") = "loria-modules-core", "loria-modules\loria-modules-core\loria-modules-core.csproj", "{C371CD9A-A76E-40C1-95F2-E7237484FC7A}"
EndProject
Project("{FAE04EC0-301F-11D3-BF4B-00C04F79EFBC}") = "loria-weather", "loria-modules\loria-weather\loria-weather.csproj", "{3EF53C2D-4AA0-479B-A0A3-40A88187C057}"
EndProject
Project("{FAE04EC0-301F-11D3-BF4B-00C04F79EFBC}") = "loria-launcher", "loria-modules\loria-launcher\loria-launcher.csproj", "{8F23764B-5184-49DB-ACC0-D66AAFE6A0A7}"
EndProject
Project("{FAE04EC0-301F-11D3-BF4B-00C04F79EFBC}") = "loria-series", "loria-modules\loria-series\loria-series.csproj", "{82565403-C2CF-44DA-B8FA-45EA0AB137C3}"
EndProject
Project("{FAE04EC0-301F-11D3-BF4B-00C04F79EFBC}") = "loria-ui", "loria-ui\loria-ui.csproj", "{4743E695-D310-4D16-9AFF-C35436AE61AB}"
EndProject
Project("{FAE04EC0-301F-11D3-BF4B-00C04F79EFBC}") = "loria-randomizer", "loria-modules\loria-randomizer\loria-randomizer.csproj", "{8470A7AA-99D2-4EB0-9490-829D3A3B12F1}"
EndProject
Project("{FAE04EC0-301F-11D3-BF4B-00C04F79EFBC}") = "Loria.Core", "loria-core-v2\Loria.Core.csproj", "{D3B171CA-1370-4B94-840A-D3B46E106E0E}"
EndProject
Project("{FAE04EC0-301F-11D3-BF4B-00C04F79EFBC}") = "Loria.Configuration", "Loria.Configuration\Loria.Configuration.csproj", "{9C313879-9024-49A5-8F88-B3CD938B9959}"
EndProject
Project("{FAE04EC0-301F-11D3-BF4B-00C04F79EFBC}") = "Loria.Dal", "Loria.Dal\Loria.Dal.csproj", "{1EEB1CFA-EBB9-45DB-8649-F7DFB43F5FFB}"
EndProject
Project("{FAE04EC0-301F-11D3-BF4B-00C04F79EFBC}") = "Loria.Service", "Loria.Service\Loria.Service.csproj", "{8572A2F1-F737-490C-A0D9-101523CFA2DC}"
EndProject
Project("{2150E333-8FDC-42A3-9474-1A3956D46DE8}") = "Channels", "Channels", "{55DA8893-0D55-4EE3-87D3-C942B4B060BD}"
EndProject
Project("{2150E333-8FDC-42A3-9474-1A3956D46DE8}") = "VoiceChannel", "VoiceChannel", "{F4DE3D9C-B205-4D9B-B461-9C62FCEEC875}"
EndProject
Project("{FAE04EC0-301F-11D3-BF4B-00C04F79EFBC}") = "Loria.Channels.VoiceChannel.In", "Loria.Channels.VoiceChannel.In\Loria.Channels.VoiceChannel.In.csproj", "{FDC2992D-3407-488E-BB54-591A76AF73FD}"
EndProject
Project("{FAE04EC0-301F-11D3-BF4B-00C04F79EFBC}") = "Loria.Channels.VoiceChannel.Out", "Loria.Channels.VoiceChannel.Out\Loria.Channels.VoiceChannel.Out.csproj", "{A4DB1B7A-2A1E-47A9-92D8-7E01C2519406}"
EndProject
Project("{FAE04EC0-301F-11D3-BF4B-00C04F79EFBC}") = "Loria.Channels.VoiceChannel.Install", "Loria.Channels.VoiceChannel.Install\Loria.Channels.VoiceChannel.Install.csproj", "{5CC3BBB3-57C9-4FCB-BEA9-18D00D3B1246}"
EndProject
Project("{2150E333-8FDC-42A3-9474-1A3956D46DE8}") = "Update", "Update", "{67E27FA8-039D-44AD-A6DC-2B2805B21232}"
EndProject
Project("{FAE04EC0-301F-11D3-BF4B-00C04F79EFBC}") = "Loria.Core", "Loria.Core\Loria.Core.csproj", "{B9AC6763-E329-49D3-9187-0E28056D4370}"
EndProject
Global
	GlobalSection(SolutionConfigurationPlatforms) = preSolution
		Debug|Any CPU = Debug|Any CPU
		Release|Any CPU = Release|Any CPU
	EndGlobalSection
	GlobalSection(ProjectConfigurationPlatforms) = postSolution
		{168E9AB0-F02B-4D08-B46E-80B570A8D0B9}.Debug|Any CPU.ActiveCfg = Debug|Any CPU
		{168E9AB0-F02B-4D08-B46E-80B570A8D0B9}.Debug|Any CPU.Build.0 = Debug|Any CPU
		{168E9AB0-F02B-4D08-B46E-80B570A8D0B9}.Release|Any CPU.ActiveCfg = Release|Any CPU
		{168E9AB0-F02B-4D08-B46E-80B570A8D0B9}.Release|Any CPU.Build.0 = Release|Any CPU
		{3006D784-777B-4960-B956-525D4DDEE594}.Debug|Any CPU.ActiveCfg = Debug|Any CPU
		{3006D784-777B-4960-B956-525D4DDEE594}.Debug|Any CPU.Build.0 = Debug|Any CPU
		{3006D784-777B-4960-B956-525D4DDEE594}.Release|Any CPU.ActiveCfg = Release|Any CPU
		{3006D784-777B-4960-B956-525D4DDEE594}.Release|Any CPU.Build.0 = Release|Any CPU
		{DD117D0F-44EB-4ED3-A2C9-7E90738FB9EA}.Debug|Any CPU.ActiveCfg = Debug|Any CPU
		{DD117D0F-44EB-4ED3-A2C9-7E90738FB9EA}.Debug|Any CPU.Build.0 = Debug|Any CPU
		{DD117D0F-44EB-4ED3-A2C9-7E90738FB9EA}.Release|Any CPU.ActiveCfg = Release|Any CPU
		{DD117D0F-44EB-4ED3-A2C9-7E90738FB9EA}.Release|Any CPU.Build.0 = Release|Any CPU
		{C371CD9A-A76E-40C1-95F2-E7237484FC7A}.Debug|Any CPU.ActiveCfg = Debug|Any CPU
		{C371CD9A-A76E-40C1-95F2-E7237484FC7A}.Debug|Any CPU.Build.0 = Debug|Any CPU
		{C371CD9A-A76E-40C1-95F2-E7237484FC7A}.Release|Any CPU.ActiveCfg = Release|Any CPU
		{C371CD9A-A76E-40C1-95F2-E7237484FC7A}.Release|Any CPU.Build.0 = Release|Any CPU
		{3EF53C2D-4AA0-479B-A0A3-40A88187C057}.Debug|Any CPU.ActiveCfg = Debug|Any CPU
		{3EF53C2D-4AA0-479B-A0A3-40A88187C057}.Debug|Any CPU.Build.0 = Debug|Any CPU
		{3EF53C2D-4AA0-479B-A0A3-40A88187C057}.Release|Any CPU.ActiveCfg = Release|Any CPU
		{3EF53C2D-4AA0-479B-A0A3-40A88187C057}.Release|Any CPU.Build.0 = Release|Any CPU
		{8F23764B-5184-49DB-ACC0-D66AAFE6A0A7}.Debug|Any CPU.ActiveCfg = Debug|Any CPU
		{8F23764B-5184-49DB-ACC0-D66AAFE6A0A7}.Debug|Any CPU.Build.0 = Debug|Any CPU
		{8F23764B-5184-49DB-ACC0-D66AAFE6A0A7}.Release|Any CPU.ActiveCfg = Release|Any CPU
		{8F23764B-5184-49DB-ACC0-D66AAFE6A0A7}.Release|Any CPU.Build.0 = Release|Any CPU
		{82565403-C2CF-44DA-B8FA-45EA0AB137C3}.Debug|Any CPU.ActiveCfg = Debug|Any CPU
		{82565403-C2CF-44DA-B8FA-45EA0AB137C3}.Debug|Any CPU.Build.0 = Debug|Any CPU
		{82565403-C2CF-44DA-B8FA-45EA0AB137C3}.Release|Any CPU.ActiveCfg = Release|Any CPU
		{82565403-C2CF-44DA-B8FA-45EA0AB137C3}.Release|Any CPU.Build.0 = Release|Any CPU
		{4743E695-D310-4D16-9AFF-C35436AE61AB}.Debug|Any CPU.ActiveCfg = Debug|Any CPU
		{4743E695-D310-4D16-9AFF-C35436AE61AB}.Debug|Any CPU.Build.0 = Debug|Any CPU
		{4743E695-D310-4D16-9AFF-C35436AE61AB}.Release|Any CPU.ActiveCfg = Release|Any CPU
		{4743E695-D310-4D16-9AFF-C35436AE61AB}.Release|Any CPU.Build.0 = Release|Any CPU
		{8470A7AA-99D2-4EB0-9490-829D3A3B12F1}.Debug|Any CPU.ActiveCfg = Debug|Any CPU
		{8470A7AA-99D2-4EB0-9490-829D3A3B12F1}.Debug|Any CPU.Build.0 = Debug|Any CPU
		{8470A7AA-99D2-4EB0-9490-829D3A3B12F1}.Release|Any CPU.ActiveCfg = Release|Any CPU
		{8470A7AA-99D2-4EB0-9490-829D3A3B12F1}.Release|Any CPU.Build.0 = Release|Any CPU
		{D3B171CA-1370-4B94-840A-D3B46E106E0E}.Debug|Any CPU.ActiveCfg = Debug|Any CPU
		{D3B171CA-1370-4B94-840A-D3B46E106E0E}.Debug|Any CPU.Build.0 = Debug|Any CPU
		{D3B171CA-1370-4B94-840A-D3B46E106E0E}.Release|Any CPU.ActiveCfg = Release|Any CPU
		{D3B171CA-1370-4B94-840A-D3B46E106E0E}.Release|Any CPU.Build.0 = Release|Any CPU
		{9C313879-9024-49A5-8F88-B3CD938B9959}.Debug|Any CPU.ActiveCfg = Debug|Any CPU
		{9C313879-9024-49A5-8F88-B3CD938B9959}.Debug|Any CPU.Build.0 = Debug|Any CPU
		{9C313879-9024-49A5-8F88-B3CD938B9959}.Release|Any CPU.ActiveCfg = Release|Any CPU
		{9C313879-9024-49A5-8F88-B3CD938B9959}.Release|Any CPU.Build.0 = Release|Any CPU
		{1EEB1CFA-EBB9-45DB-8649-F7DFB43F5FFB}.Debug|Any CPU.ActiveCfg = Debug|Any CPU
		{1EEB1CFA-EBB9-45DB-8649-F7DFB43F5FFB}.Debug|Any CPU.Build.0 = Debug|Any CPU
		{1EEB1CFA-EBB9-45DB-8649-F7DFB43F5FFB}.Release|Any CPU.ActiveCfg = Release|Any CPU
		{1EEB1CFA-EBB9-45DB-8649-F7DFB43F5FFB}.Release|Any CPU.Build.0 = Release|Any CPU
		{8572A2F1-F737-490C-A0D9-101523CFA2DC}.Debug|Any CPU.ActiveCfg = Debug|Any CPU
		{8572A2F1-F737-490C-A0D9-101523CFA2DC}.Debug|Any CPU.Build.0 = Debug|Any CPU
		{8572A2F1-F737-490C-A0D9-101523CFA2DC}.Release|Any CPU.ActiveCfg = Release|Any CPU
		{8572A2F1-F737-490C-A0D9-101523CFA2DC}.Release|Any CPU.Build.0 = Release|Any CPU
		{FDC2992D-3407-488E-BB54-591A76AF73FD}.Debug|Any CPU.ActiveCfg = Debug|Any CPU
		{FDC2992D-3407-488E-BB54-591A76AF73FD}.Debug|Any CPU.Build.0 = Debug|Any CPU
		{FDC2992D-3407-488E-BB54-591A76AF73FD}.Release|Any CPU.ActiveCfg = Release|Any CPU
		{FDC2992D-3407-488E-BB54-591A76AF73FD}.Release|Any CPU.Build.0 = Release|Any CPU
		{A4DB1B7A-2A1E-47A9-92D8-7E01C2519406}.Debug|Any CPU.ActiveCfg = Debug|Any CPU
		{A4DB1B7A-2A1E-47A9-92D8-7E01C2519406}.Debug|Any CPU.Build.0 = Debug|Any CPU
		{A4DB1B7A-2A1E-47A9-92D8-7E01C2519406}.Release|Any CPU.ActiveCfg = Release|Any CPU
		{A4DB1B7A-2A1E-47A9-92D8-7E01C2519406}.Release|Any CPU.Build.0 = Release|Any CPU
		{5CC3BBB3-57C9-4FCB-BEA9-18D00D3B1246}.Debug|Any CPU.ActiveCfg = Debug|Any CPU
		{5CC3BBB3-57C9-4FCB-BEA9-18D00D3B1246}.Debug|Any CPU.Build.0 = Debug|Any CPU
		{5CC3BBB3-57C9-4FCB-BEA9-18D00D3B1246}.Release|Any CPU.ActiveCfg = Release|Any CPU
		{5CC3BBB3-57C9-4FCB-BEA9-18D00D3B1246}.Release|Any CPU.Build.0 = Release|Any CPU
		{B9AC6763-E329-49D3-9187-0E28056D4370}.Debug|Any CPU.ActiveCfg = Debug|Any CPU
		{B9AC6763-E329-49D3-9187-0E28056D4370}.Debug|Any CPU.Build.0 = Debug|Any CPU
		{B9AC6763-E329-49D3-9187-0E28056D4370}.Release|Any CPU.ActiveCfg = Release|Any CPU
		{B9AC6763-E329-49D3-9187-0E28056D4370}.Release|Any CPU.Build.0 = Release|Any CPU
	EndGlobalSection
	GlobalSection(SolutionProperties) = preSolution
		HideSolutionNode = FALSE
	EndGlobalSection
	GlobalSection(NestedProjects) = preSolution
		{DD117D0F-44EB-4ED3-A2C9-7E90738FB9EA} = {35F4FCDA-5EAC-453A-B293-7925BB68ABDB}
		{C371CD9A-A76E-40C1-95F2-E7237484FC7A} = {35F4FCDA-5EAC-453A-B293-7925BB68ABDB}
		{3EF53C2D-4AA0-479B-A0A3-40A88187C057} = {35F4FCDA-5EAC-453A-B293-7925BB68ABDB}
		{8F23764B-5184-49DB-ACC0-D66AAFE6A0A7} = {35F4FCDA-5EAC-453A-B293-7925BB68ABDB}
		{82565403-C2CF-44DA-B8FA-45EA0AB137C3} = {35F4FCDA-5EAC-453A-B293-7925BB68ABDB}
		{8470A7AA-99D2-4EB0-9490-829D3A3B12F1} = {35F4FCDA-5EAC-453A-B293-7925BB68ABDB}
		{9C313879-9024-49A5-8F88-B3CD938B9959} = {67E27FA8-039D-44AD-A6DC-2B2805B21232}
		{1EEB1CFA-EBB9-45DB-8649-F7DFB43F5FFB} = {67E27FA8-039D-44AD-A6DC-2B2805B21232}
		{55DA8893-0D55-4EE3-87D3-C942B4B060BD} = {67E27FA8-039D-44AD-A6DC-2B2805B21232}
		{F4DE3D9C-B205-4D9B-B461-9C62FCEEC875} = {55DA8893-0D55-4EE3-87D3-C942B4B060BD}
		{FDC2992D-3407-488E-BB54-591A76AF73FD} = {F4DE3D9C-B205-4D9B-B461-9C62FCEEC875}
		{A4DB1B7A-2A1E-47A9-92D8-7E01C2519406} = {F4DE3D9C-B205-4D9B-B461-9C62FCEEC875}
		{5CC3BBB3-57C9-4FCB-BEA9-18D00D3B1246} = {F4DE3D9C-B205-4D9B-B461-9C62FCEEC875}
		{B9AC6763-E329-49D3-9187-0E28056D4370} = {67E27FA8-039D-44AD-A6DC-2B2805B21232}
	EndGlobalSection
EndGlobal
