
Microsoft Visual Studio Solution File, Format Version 12.00
# Visual Studio 2013
VisualStudioVersion = 12.0.30110.0
MinimumVisualStudioVersion = 10.0.40219.1
Project("{FAE04EC0-301F-11D3-BF4B-00C04F79EFBC}") = "loria-console", "loria-console\loria-console.csproj", "{168E9AB0-F02B-4D08-B46E-80B570A8D0B9}"
EndProject
Project("{FAE04EC0-301F-11D3-BF4B-00C04F79EFBC}") = "loria-core", "loria-core\loria-core.csproj", "{3006D784-777B-4960-B956-525D4DDEE594}"
EndProject
Project("{FAE04EC0-301F-11D3-BF4B-00C04F79EFBC}") = "loria-datetime", "loria-modules\loria-datetime\loria-datetime.csproj", "{DD117D0F-44EB-4ED3-A2C9-7E90738FB9EA}"
EndProject
Project("{2150E333-8FDC-42A3-9474-1A3956D46DE8}") = "loria-modules", "loria-modules", "{35F4FCDA-5EAC-453A-B293-7925BB68ABDB}"
EndProject
Project("{FAE04EC0-301F-11D3-BF4B-00C04F79EFBC}") = "loria-modules-core", "loria-modules\loria-modules-core\loria-modules-core.csproj", "{C371CD9A-A76E-40C1-95F2-E7237484FC7A}"
EndProject
Project("{FAE04EC0-301F-11D3-BF4B-00C04F79EFBC}") = "loria-weather", "loria-modules\loria-weather\loria-weather.csproj", "{3EF53C2D-4AA0-479B-A0A3-40A88187C057}"
EndProject
Global
	GlobalSection(SolutionConfigurationPlatforms) = preSolution
		Debug|Any CPU = Debug|Any CPU
		Release|Any CPU = Release|Any CPU
	EndGlobalSection
	GlobalSection(ProjectConfigurationPlatforms) = postSolution
		{168E9AB0-F02B-4D08-B46E-80B570A8D0B9}.Debug|Any CPU.ActiveCfg = Debug|Any CPU
		{168E9AB0-F02B-4D08-B46E-80B570A8D0B9}.Debug|Any CPU.Build.0 = Debug|Any CPU
		{168E9AB0-F02B-4D08-B46E-80B570A8D0B9}.Release|Any CPU.ActiveCfg = Release|Any CPU
		{168E9AB0-F02B-4D08-B46E-80B570A8D0B9}.Release|Any CPU.Build.0 = Release|Any CPU
		{3006D784-777B-4960-B956-525D4DDEE594}.Debug|Any CPU.ActiveCfg = Debug|Any CPU
		{3006D784-777B-4960-B956-525D4DDEE594}.Debug|Any CPU.Build.0 = Debug|Any CPU
		{3006D784-777B-4960-B956-525D4DDEE594}.Release|Any CPU.ActiveCfg = Release|Any CPU
		{3006D784-777B-4960-B956-525D4DDEE594}.Release|Any CPU.Build.0 = Release|Any CPU
		{DD117D0F-44EB-4ED3-A2C9-7E90738FB9EA}.Debug|Any CPU.ActiveCfg = Debug|Any CPU
		{DD117D0F-44EB-4ED3-A2C9-7E90738FB9EA}.Debug|Any CPU.Build.0 = Debug|Any CPU
		{DD117D0F-44EB-4ED3-A2C9-7E90738FB9EA}.Release|Any CPU.ActiveCfg = Release|Any CPU
		{DD117D0F-44EB-4ED3-A2C9-7E90738FB9EA}.Release|Any CPU.Build.0 = Release|Any CPU
		{C371CD9A-A76E-40C1-95F2-E7237484FC7A}.Debug|Any CPU.ActiveCfg = Debug|Any CPU
		{C371CD9A-A76E-40C1-95F2-E7237484FC7A}.Debug|Any CPU.Build.0 = Debug|Any CPU
		{C371CD9A-A76E-40C1-95F2-E7237484FC7A}.Release|Any CPU.ActiveCfg = Release|Any CPU
		{C371CD9A-A76E-40C1-95F2-E7237484FC7A}.Release|Any CPU.Build.0 = Release|Any CPU
		{3EF53C2D-4AA0-479B-A0A3-40A88187C057}.Debug|Any CPU.ActiveCfg = Debug|Any CPU
		{3EF53C2D-4AA0-479B-A0A3-40A88187C057}.Debug|Any CPU.Build.0 = Debug|Any CPU
		{3EF53C2D-4AA0-479B-A0A3-40A88187C057}.Release|Any CPU.ActiveCfg = Release|Any CPU
		{3EF53C2D-4AA0-479B-A0A3-40A88187C057}.Release|Any CPU.Build.0 = Release|Any CPU
	EndGlobalSection
	GlobalSection(SolutionProperties) = preSolution
		HideSolutionNode = FALSE
	EndGlobalSection
	GlobalSection(NestedProjects) = preSolution
		{DD117D0F-44EB-4ED3-A2C9-7E90738FB9EA} = {35F4FCDA-5EAC-453A-B293-7925BB68ABDB}
		{C371CD9A-A76E-40C1-95F2-E7237484FC7A} = {35F4FCDA-5EAC-453A-B293-7925BB68ABDB}
		{3EF53C2D-4AA0-479B-A0A3-40A88187C057} = {35F4FCDA-5EAC-453A-B293-7925BB68ABDB}
	EndGlobalSection
EndGlobal
